
Microsoft Visual Studio Solution File, Format Version 12.00
# Visual Studio Version 16
VisualStudioVersion = 16.0.30804.86
MinimumVisualStudioVersion = 10.0.40219.1
Project("{FAE04EC0-301F-11D3-BF4B-00C04F79EFBC}") = "SignalRDemo", "SignalRDemo\SignalRDemo.csproj", "{5878174F-6563-48C0-BDD8-A56025FB3FE4}"
EndProject
Global
	GlobalSection(SolutionConfigurationPlatforms) = preSolution
		Debug|Any CPU = Debug|Any CPU
		Release|Any CPU = Release|Any CPU
	EndGlobalSection
	GlobalSection(ProjectConfigurationPlatforms) = postSolution
		{5878174F-6563-48C0-BDD8-A56025FB3FE4}.Debug|Any CPU.ActiveCfg = Debug|Any CPU
		{5878174F-6563-48C0-BDD8-A56025FB3FE4}.Debug|Any CPU.Build.0 = Debug|Any CPU
		{5878174F-6563-48C0-BDD8-A56025FB3FE4}.Release|Any CPU.ActiveCfg = Release|Any CPU
		{5878174F-6563-48C0-BDD8-A56025FB3FE4}.Release|Any CPU.Build.0 = Release|Any CPU
	EndGlobalSection
	GlobalSection(SolutionProperties) = preSolution
		HideSolutionNode = FALSE
	EndGlobalSection
	GlobalSection(ExtensibilityGlobals) = postSolution
		SolutionGuid = {8533F5CE-3ECF-486C-853A-5FA695A082EA}
	EndGlobalSection
EndGlobal
